
Microsoft Visual Studio Solution File, Format Version 12.00
# Visual Studio 2012
Project("{FAE04EC0-301F-11D3-BF4B-00C04F79EFBC}") = "Lab5", "Lab5\Lab5.csproj", "{E99E394B-14A4-4CB5-87B1-958964F2AEC5}"
EndProject
Global
	GlobalSection(SolutionConfigurationPlatforms) = preSolution
		Debug|Any CPU = Debug|Any CPU
		Release|Any CPU = Release|Any CPU
	EndGlobalSection
	GlobalSection(ProjectConfigurationPlatforms) = postSolution
		{E99E394B-14A4-4CB5-87B1-958964F2AEC5}.Debug|Any CPU.ActiveCfg = Debug|Any CPU
		{E99E394B-14A4-4CB5-87B1-958964F2AEC5}.Debug|Any CPU.Build.0 = Debug|Any CPU
		{E99E394B-14A4-4CB5-87B1-958964F2AEC5}.Release|Any CPU.ActiveCfg = Release|Any CPU
		{E99E394B-14A4-4CB5-87B1-958964F2AEC5}.Release|Any CPU.Build.0 = Release|Any CPU
	EndGlobalSection
	GlobalSection(SolutionProperties) = preSolution
		HideSolutionNode = FALSE
	EndGlobalSection
EndGlobal
